{
  "version": "1.0.0",
  "lockfileVersion": 1,
  "packages": {
    "@nango/integration-patterns-skill#claude": {
      "version": "1.0.0",
      "resolved": "https://registry.prpm.dev/api/v1/packages/%40nango%2Fintegration-patterns-skill/1.0.0.tar.gz",
      "integrity": "sha256-e2b2a6bd5463e3fd7c69129f0ceddb9c1b86f36a8335a709541be8b43c2e4ca3",
      "format": "claude",
      "subtype": "skill",
      "sourceFormat": "claude",
      "sourceSubtype": "skill",
      "installedPath": ".claude/skills/integration-patterns-skill/SKILL.md",
      "fromCollection": {
        "name_slug": "nango-integration-builder",
        "version": "1.2.0"
      }
    },
    "@nango/action-builder-skill#claude": {
      "version": "1.2.0",
      "resolved": "https://registry.prpm.dev/api/v1/packages/%40nango%2Faction-builder-skill/1.2.0.tar.gz",
      "integrity": "sha256-9cf8fe896275e2ac588a1543c99e9c4481559dde6d413a1340691f19394d6315",
      "format": "claude",
      "subtype": "skill",
      "sourceFormat": "claude",
      "sourceSubtype": "skill",
      "installedPath": ".claude/skills/action-builder-skill/SKILL.md",
      "fromCollection": {
        "name_slug": "nango-integration-builder",
        "version": "1.2.0"
      }
    },
    "@nango/build-actions#claude": {
      "version": "1.0.3",
      "resolved": "https://registry.prpm.dev/api/v1/packages/%40nango%2Fbuild-actions/1.0.3.tar.gz",
      "integrity": "sha256-ce0c41bb9a70eddc2eb61d88538b69c4bf2ee5b45c54f0d5e3334a2608758945",
      "format": "claude",
      "subtype": "slash-command",
      "sourceFormat": "claude",
      "sourceSubtype": "slash-command",
      "installedPath": ".claude/commands/build-actions.md",
      "fromCollection": {
        "name_slug": "nango-integration-builder",
        "version": "1.2.0"
      }
    }
  },
  "generated": "2025-12-15T11:31:04.443Z",
  "collections": {
    "nango-integration-builder": {
      "name_slug": "nango-integration-builder",
      "version": "1.2.0",
      "installedAt": "2025-12-15T11:31:04.443Z",
      "packages": [
        "@nango/integration-patterns-skill",
        "@nango/action-builder-skill",
        "@nango/build-actions"
      ]
    }
  }
}