{
  "version": "1.0.0",
  "lockfileVersion": 1,
  "packages": {
    "@nango/integration-patterns-skill#claude": {
      "version": "1.0.1",
      "resolved": "https://registry.prpm.dev/api/v1/packages/%40nango%2Fintegration-patterns-skill/1.0.1.tar.gz",
      "integrity": "sha256-1fbfe31cdb34ef71415b32292f29257b9c56a722db748bde159450ba2063c46a",
      "format": "claude",
      "subtype": "skill",
      "sourceFormat": "claude",
      "sourceSubtype": "skill",
      "installedPath": ".claude/skills/integration-patterns-skill/SKILL.md",
      "fromCollection": {
        "name_slug": "nango-function-builder",
        "version": "1.0.1"
      }
    },
    "@nango/sync-builder-skill#claude": {
      "version": "1.2.1",
      "resolved": "https://registry.prpm.dev/api/v1/packages/%40nango%2Fsync-builder-skill/1.2.1.tar.gz",
      "integrity": "sha256-61abac872150d8c25f58cf259e6f4d6ec96370357d0f8daebd3c8944c8a33a5b",
      "format": "claude",
      "subtype": "skill",
      "sourceFormat": "claude",
      "sourceSubtype": "skill",
      "installedPath": ".claude/skills/sync-builder-skill/SKILL.md",
      "fromCollection": {
        "name_slug": "nango-function-builder",
        "version": "1.0.1"
      }
    },
    "@nango/action-builder-skill#claude": {
      "version": "1.2.1",
      "resolved": "https://registry.prpm.dev/api/v1/packages/%40nango%2Faction-builder-skill/1.2.1.tar.gz",
      "integrity": "sha256-a57605ca93618b31a82e33821237f41e1b461f96f03935e491e8f9cb2b45a3d2",
      "format": "claude",
      "subtype": "skill",
      "sourceFormat": "claude",
      "sourceSubtype": "skill",
      "installedPath": ".claude/skills/action-builder-skill/SKILL.md",
      "fromCollection": {
        "name_slug": "nango-function-builder",
        "version": "1.0.1"
      }
    },
    "@nango/build-function#claude": {
      "version": "2.0.0",
      "resolved": "https://registry.prpm.dev/api/v1/packages/%40nango%2Fbuild-function/2.0.0.tar.gz",
      "integrity": "sha256-30543192786fd7de9d76d9029b396fd59bbbc6e297a9ad6326aeb33ae283688a",
      "format": "claude",
      "subtype": "slash-command",
      "sourceFormat": "claude",
      "sourceSubtype": "slash-command",
      "installedPath": ".claude/commands/build-function.md",
      "fromCollection": {
        "name_slug": "nango-function-builder",
        "version": "1.0.1"
      }
    }
  },
  "generated": "2025-12-17T11:41:04.160Z",
  "collections": {
    "nango-function-builder": {
      "name_slug": "nango-function-builder",
      "version": "1.0.1",
      "installedAt": "2025-12-17T11:41:04.160Z",
      "packages": [
        "@nango/integration-patterns-skill",
        "@nango/sync-builder-skill",
        "@nango/action-builder-skill",
        "@nango/build-function"
      ]
    }
  }
}